<?xml version="1.0" encoding="UTF-8"?>
<Scheme
   LastUpgradeVersion = "1610"
   version = "1.7">
   <BuildAction
      parallelizeBuildables = "YES"
      buildImplicitDependencies = "YES"
      buildArchitectures = "Automatic">
      <BuildActionEntries>
         <BuildActionEntry
            buildForTesting = "YES"
            buildForRunning = "YES"
            buildForProfiling = "YES"
            buildForArchiving = "YES"
            buildForAnalyzing = "YES">
            <BuildableReference
               BuildableIdentifier = "primary"
               BlueprintIdentifier = "FC7A13F12D0F5F64005C88CB"
               BuildableName = "swiftui-weather-app.app"
               BlueprintName = "swiftui-weather-app"
               ReferencedContainer = "container:swiftui-weather-app.xcodeproj">
            </BuildableReference>
         </BuildActionEntry>
      </BuildActionEntries>
   </BuildAction>
   <TestAction
      buildConfiguration = "Debug Dev"
      selectedDebuggerIdentifier = "Xcode.DebuggerFoundation.Debugger.LLDB"
      selectedLauncherIdentifier = "Xcode.DebuggerFoundation.Launcher.LLDB"
      shouldUseLaunchSchemeArgsEnv = "YES"
      shouldAutocreateTestPlan = "YES">
   </TestAction>
   <LaunchAction
      buildConfiguration = "Debug Dev"
      selectedDebuggerIdentifier = "Xcode.DebuggerFoundation.Debugger.LLDB"
      selectedLauncherIdentifier = "Xcode.DebuggerFoundation.Launcher.LLDB"
      launchStyle = "0"
      useCustomWorkingDirectory = "NO"
      ignoresPersistentStateOnLaunch = "NO"
      debugDocumentVersioning = "YES"
      debugServiceExtension = "internal"
      allowLocationSimulation = "YES">
      <BuildableProductRunnable
         runnableDebuggingMode = "0">
         <BuildableReference
            BuildableIdentifier = "primary"
            BlueprintIdentifier = "FC7A13F12D0F5F64005C88CB"
            BuildableName = "swiftui-weather-app.app"
            BlueprintName = "swiftui-weather-app"
            ReferencedContainer = "container:swiftui-weather-app.xcodeproj">
         </BuildableReference>
      </BuildableProductRunnable>
      <CommandLineArguments>
         <CommandLineArgument
            argument = ""
            isEnabled = "NO">
         </CommandLineArgument>
      </CommandLineArguments>
      <EnvironmentVariables>
         <EnvironmentVariable
            key = "API_KEY"
            value = "dcada68366a3397e5648a5279566257c"
            isEnabled = "YES">
         </EnvironmentVariable>
         <EnvironmentVariable
            key = "BASE_URL"
            value = "https://api.openweathermap.org/data/3.0/onecall"
            isEnabled = "YES">
         </EnvironmentVariable>
         <EnvironmentVariable
            key = "FORECAST_API"
            value = "https://api.openweathermap.org/data/2.5/forecast"
            isEnabled = "YES">
         </EnvironmentVariable>
         <EnvironmentVariable
            key = "CURRENT_FORECAST_API"
            value = "https://api.openweathermap.org/data/2.5/weather"
            isEnabled = "YES">
         </EnvironmentVariable>
      </EnvironmentVariables>
   </LaunchAction>
   <ProfileAction
      buildConfiguration = "Debug Dev"
      shouldUseLaunchSchemeArgsEnv = "YES"
      savedToolIdentifier = ""
      useCustomWorkingDirectory = "NO"
      debugDocumentVersioning = "YES">
      <BuildableProductRunnable
         runnableDebuggingMode = "0">
         <BuildableReference
            BuildableIdentifier = "primary"
            BlueprintIdentifier = "FC7A13F12D0F5F64005C88CB"
            BuildableName = "swiftui-weather-app.app"
            BlueprintName = "swiftui-weather-app"
            ReferencedContainer = "container:swiftui-weather-app.xcodeproj">
         </BuildableReference>
      </BuildableProductRunnable>
   </ProfileAction>
   <AnalyzeAction
      buildConfiguration = "Debug Dev">
   </AnalyzeAction>
   <ArchiveAction
      buildConfiguration = "Release Dev"
      revealArchiveInOrganizer = "YES">
   </ArchiveAction>
</Scheme>
